
Microsoft Visual Studio Solution File, Format Version 12.00
# Visual Studio Version 17
VisualStudioVersion = 17.8.34330.188
MinimumVisualStudioVersion = 10.0.40219.1
Project("{FAE04EC0-301F-11D3-BF4B-00C04F79EFBC}") = "Trade", "Trade.csproj", "{ED291045-A2EA-473F-A03B-4A34F304C810}"
EndProject
Global
	GlobalSection(SolutionConfigurationPlatforms) = preSolution
		Debug|Any CPU = Debug|Any CPU
		Release|Any CPU = Release|Any CPU
	EndGlobalSection
	GlobalSection(ProjectConfigurationPlatforms) = postSolution
		{ED291045-A2EA-473F-A03B-4A34F304C810}.Debug|Any CPU.ActiveCfg = Debug|Any CPU
		{ED291045-A2EA-473F-A03B-4A34F304C810}.Debug|Any CPU.Build.0 = Debug|Any CPU
		{ED291045-A2EA-473F-A03B-4A34F304C810}.Release|Any CPU.ActiveCfg = Release|Any CPU
		{ED291045-A2EA-473F-A03B-4A34F304C810}.Release|Any CPU.Build.0 = Release|Any CPU
	EndGlobalSection
	GlobalSection(SolutionProperties) = preSolution
		HideSolutionNode = FALSE
	EndGlobalSection
	GlobalSection(ExtensibilityGlobals) = postSolution
		SolutionGuid = {E1F884DA-6006-4282-AB62-57817B40568D}
	EndGlobalSection
EndGlobal
